// !$*UTF8*$!
{
	archiveVersion = 1;
	classes = {
	};
	objectVersion = 46;
	objects = {

/* Begin PBXBuildFile section */
		0207DA581B56EA530066E2B4 /* Images.xcassets in Resources */ = {isa = PBXBuildFile; fileRef = 0207DA571B56EA530066E2B4 /* Images.xcassets */; };
		0ADD99B6F87845E5AFD30351 /* PushConfig.plist in Resources */ = {isa = PBXBuildFile; fileRef = 524EE24485BB4A06AE582C92 /* PushConfig.plist */; };
		1D3623260D0F684500981E51 /* AppDelegate.m in Sources */ = {isa = PBXBuildFile; fileRef = 1D3623250D0F684500981E51 /* AppDelegate.m */; };
		1D60589B0D05DD56006BFB54 /* main.m in Sources */ = {isa = PBXBuildFile; fileRef = 29B97316FDCFA39411CA2CEA /* main.m */; };
		278408D62A204ABDB87A63C4 /* AppDelegate+JPush.m in Sources */ = {isa = PBXBuildFile; fileRef = A23A0C74224D489A89172007 /* AppDelegate+JPush.m */; };
		301BF552109A68D80062928A /* libCordova.a in Frameworks */ = {isa = PBXBuildFile; fileRef = 301BF535109A57CC0062928A /* libCordova.a */; };
		302D95F114D2391D003F00A1 /* MainViewController.m in Sources */ = {isa = PBXBuildFile; fileRef = 302D95EF14D2391D003F00A1 /* MainViewController.m */; };
		302D95F214D2391D003F00A1 /* MainViewController.xib in Resources */ = {isa = PBXBuildFile; fileRef = 302D95F014D2391D003F00A1 /* MainViewController.xib */; };
		3047A5121AB8059700498E2A /* build-debug.xcconfig in Resources */ = {isa = PBXBuildFile; fileRef = 3047A50F1AB8059700498E2A /* build-debug.xcconfig */; };
		3047A5131AB8059700498E2A /* build-release.xcconfig in Resources */ = {isa = PBXBuildFile; fileRef = 3047A5101AB8059700498E2A /* build-release.xcconfig */; };
		3047A5141AB8059700498E2A /* build.xcconfig in Resources */ = {isa = PBXBuildFile; fileRef = 3047A5111AB8059700498E2A /* build.xcconfig */; };
		369B492E7DFE450DBA0CADE7 /* libstdc++.6.dylib in Frameworks */ = {isa = PBXBuildFile; fileRef = 8A0A1E160BBE4D78B067CD21 /* libstdc++.6.dylib */; };
		393E77A720D74BC387BEBEE3 /* CFNetwork.framework in Frameworks */ = {isa = PBXBuildFile; fileRef = 3ADD417418FD46CBA3DD2807 /* CFNetwork.framework */; settings = {ATTRIBUTES = (Weak, ); }; };
		3B06920E69FE4DB59BD135B9 /* libiconv.tbd in Frameworks */ = {isa = PBXBuildFile; fileRef = FA6C0D8AB8F64834A3552A10 /* libiconv.tbd */; };
		3E332BA68C254CAA92CCD783 /* libWeChatSDK.a in Frameworks */ = {isa = PBXBuildFile; fileRef = 4B0CC1F2A4484E258D650508 /* libWeChatSDK.a */; };
		51A19557BBE141CA958BE919 /* TencentOpenApi_IOS_Bundle.bundle in Resources */ = {isa = PBXBuildFile; fileRef = 8BFBB54111544FC2B1241A45 /* TencentOpenApi_IOS_Bundle.bundle */; };
		6381191B446648D28BB047C2 /* CoreFoundation.framework in Frameworks */ = {isa = PBXBuildFile; fileRef = 03D1F3496163427C901A2781 /* CoreFoundation.framework */; settings = {ATTRIBUTES = (Weak, ); }; };
		6BD2954BF1924113B10D22D4 /* IonicKeyboard.m in Sources */ = {isa = PBXBuildFile; fileRef = C92E6C523FA74D8C9FBAF332 /* IonicKeyboard.m */; };
		6E5E65109E32483DBCA274B7 /* JPushPlugin.m in Sources */ = {isa = PBXBuildFile; fileRef = 3583DB14A5ED403386DC3DAF /* JPushPlugin.m */; };
		75C655CED1954B8CA5CF3CD0 /* CDVViewController+SplashScreen.m in Sources */ = {isa = PBXBuildFile; fileRef = 793C162EA78D42749E756384 /* CDVViewController+SplashScreen.m */; };
		7D1379A8A9AB468F920D5A42 /* jpush-ios-2.1.8.a in Frameworks */ = {isa = PBXBuildFile; fileRef = 538FE1CAB70741558EE4A26E /* jpush-ios-2.1.8.a */; };
		8EB6A8C1484243E28BBC52E2 /* CDVSplashScreen.m in Sources */ = {isa = PBXBuildFile; fileRef = 4F73FC8DC8C44F55BF96F56F /* CDVSplashScreen.m */; };
		960A89FF3B444FF7AEDEB3BA /* YCQQ.m in Sources */ = {isa = PBXBuildFile; fileRef = 78483AF05AFC4F079F708DBC /* YCQQ.m */; };
		9923D3309B2946EF8630C49C /* UIWebViewExtension.m in Sources */ = {isa = PBXBuildFile; fileRef = E96BF96D6F2346D9877DC2AC /* UIWebViewExtension.m */; };
		A550C50E97264711AFDA7E58 /* CDVDevice.m in Sources */ = {isa = PBXBuildFile; fileRef = 4CBF87A10C3F445399A5B572 /* CDVDevice.m */; };
		AA7ADD200C7B4488A02B764D /* libz.tbd in Frameworks */ = {isa = PBXBuildFile; fileRef = AFFD7CC4BA41469E8480D7DD /* libz.tbd */; };
		AE73506E0A4C4B55B188F157 /* libsqlite3.0.dylib in Frameworks */ = {isa = PBXBuildFile; fileRef = FF5B07094217403BB6A9D76D /* libsqlite3.0.dylib */; };
		BAFC0FA08A634F0FA9ECF7E7 /* CDVLogger.m in Sources */ = {isa = PBXBuildFile; fileRef = 19FAB45BE7D340D3A6789324 /* CDVLogger.m */; };
		BF4D59B65EC247C292082058 /* CoreTelephony.framework in Frameworks */ = {isa = PBXBuildFile; fileRef = 659DBD349DE045BF9F37CB05 /* CoreTelephony.framework */; };
		CC4C0DDAD18F41D9B4A3C236 /* Foundation.framework in Frameworks */ = {isa = PBXBuildFile; fileRef = 467F501F083341F7B83C5373 /* Foundation.framework */; settings = {ATTRIBUTES = (Weak, ); }; };
		CDCC1FC01CA842C3B5137E82 /* CDVWechat.m in Sources */ = {isa = PBXBuildFile; fileRef = 27F612E78CDD437F9B1BCD63 /* CDVWechat.m */; };
		CEB3460636AB4EBA882F64E0 /* TencentOpenAPI.framework in Frameworks */ = {isa = PBXBuildFile; fileRef = F04E73D61FE3428284263CC9 /* TencentOpenAPI.framework */; };
		CF4888FD33A14C0C87F20D34 /* AdSupport.framework in Frameworks */ = {isa = PBXBuildFile; fileRef = 4446F954472A4467BDB0B7CC /* AdSupport.framework */; settings = {ATTRIBUTES = (Weak, ); }; };
		D55F814959D245D7882AD4F4 /* libz.dylib in Frameworks */ = {isa = PBXBuildFile; fileRef = 5A747E9B197F472F9722E101 /* libz.dylib */; };
		D6A1BA1E36AB4C148FF7BC9C /* libstdc++.tbd in Frameworks */ = {isa = PBXBuildFile; fileRef = E823B795D1764F39ACEA7B8E /* libstdc++.tbd */; };
		DCD154F0D5FF40B6B52899F0 /* UIKit.framework in Frameworks */ = {isa = PBXBuildFile; fileRef = E21EE32AB4AB4F5097AF0FFB /* UIKit.framework */; settings = {ATTRIBUTES = (Weak, ); }; };
		DEF9CB4422104AEE904A1627 /* CDVStatusBar.m in Sources */ = {isa = PBXBuildFile; fileRef = 350AB99289C44AC0B78735C2 /* CDVStatusBar.m */; };
		E539AF40623E4B6A8D554E32 /* SystemConfiguration.framework in Frameworks */ = {isa = PBXBuildFile; fileRef = 71035892E06A4F29BA39EFC1 /* SystemConfiguration.framework */; };
		ED83322FD39D4CEB9569E2E8 /* libsqlite3.tbd in Frameworks */ = {isa = PBXBuildFile; fileRef = 08013DDEED8E4893B0E47531 /* libsqlite3.tbd */; };
		F2F1FEF8837A44D89DE140E4 /* Security.framework in Frameworks */ = {isa = PBXBuildFile; fileRef = 7F9C342BC8DB4D3986BA954B /* Security.framework */; };
		FAFF54DDE8D845D99709D8C6 /* CDVInAppBrowser.m in Sources */ = {isa = PBXBuildFile; fileRef = 5DFB186040B84CCAA60E2D23 /* CDVInAppBrowser.m */; };
/* End PBXBuildFile section */

/* Begin PBXContainerItemProxy section */
		301BF534109A57CC0062928A /* PBXContainerItemProxy */ = {
			isa = PBXContainerItemProxy;
			containerPortal = 301BF52D109A57CC0062928A /* CordovaLib.xcodeproj */;
			proxyType = 2;
			remoteGlobalIDString = D2AAC07E0554694100DB518D;
			remoteInfo = CordovaLib;
		};
		301BF550109A68C00062928A /* PBXContainerItemProxy */ = {
			isa = PBXContainerItemProxy;
			containerPortal = 301BF52D109A57CC0062928A /* CordovaLib.xcodeproj */;
			proxyType = 1;
			remoteGlobalIDString = D2AAC07D0554694100DB518D;
			remoteInfo = CordovaLib;
		};
/* End PBXContainerItemProxy section */

/* Begin PBXFileReference section */
		0207DA571B56EA530066E2B4 /* Images.xcassets */ = {isa = PBXFileReference; lastKnownFileType = folder.assetcatalog; name = Images.xcassets; path = imkb/Images.xcassets; sourceTree = SOURCE_ROOT; };
		03D1F3496163427C901A2781 /* CoreFoundation.framework */ = {isa = PBXFileReference; explicitFileType = undefined; fileEncoding = 9; includeInIndex = 0; lastKnownFileType = wrapper.framework; name = CoreFoundation.framework; path = System/Library/Frameworks/CoreFoundation.framework; sourceTree = SDKROOT; };
		08013DDEED8E4893B0E47531 /* libsqlite3.tbd */ = {isa = PBXFileReference; explicitFileType = undefined; fileEncoding = 9; includeInIndex = 0; lastKnownFileType = unknown; path = libsqlite3.tbd; sourceTree = "<group>"; };
		14778024DCCB4C5CA447DD7A /* CDVViewController+SplashScreen.h */ = {isa = PBXFileReference; explicitFileType = undefined; fileEncoding = 4; includeInIndex = 0; lastKnownFileType = sourcecode.c.h; name = "CDVViewController+SplashScreen.h"; path = "cordova-plugin-splashscreen/CDVViewController+SplashScreen.h"; sourceTree = "<group>"; };
		19FAB45BE7D340D3A6789324 /* CDVLogger.m */ = {isa = PBXFileReference; explicitFileType = undefined; fileEncoding = 4; includeInIndex = 0; lastKnownFileType = sourcecode.c.objc; name = CDVLogger.m; path = "cordova-plugin-console/CDVLogger.m"; sourceTree = "<group>"; };
		1D3623240D0F684500981E51 /* AppDelegate.h */ = {isa = PBXFileReference; fileEncoding = 4; lastKnownFileType = sourcecode.c.h; path = AppDelegate.h; sourceTree = "<group>"; };
		1D3623250D0F684500981E51 /* AppDelegate.m */ = {isa = PBXFileReference; fileEncoding = 4; lastKnownFileType = sourcecode.c.objc; path = AppDelegate.m; sourceTree = "<group>"; };
		1D6058910D05DD3D006BFB54 /* 常春树药.app */ = {isa = PBXFileReference; explicitFileType = wrapper.application; includeInIndex = 0; path = "常春树药.app"; sourceTree = BUILT_PRODUCTS_DIR; };
		234E102B0DC2448F8F4175FF /* CDVSplashScreen.h */ = {isa = PBXFileReference; explicitFileType = undefined; fileEncoding = 4; includeInIndex = 0; lastKnownFileType = sourcecode.c.h; name = CDVSplashScreen.h; path = "cordova-plugin-splashscreen/CDVSplashScreen.h"; sourceTree = "<group>"; };
		27F612E78CDD437F9B1BCD63 /* CDVWechat.m */ = {isa = PBXFileReference; explicitFileType = undefined; fileEncoding = 4; includeInIndex = 0; lastKnownFileType = sourcecode.c.objc; name = CDVWechat.m; path = "cordova-plugin-wechat/CDVWechat.m"; sourceTree = "<group>"; };
		29B97316FDCFA39411CA2CEA /* main.m */ = {isa = PBXFileReference; fileEncoding = 4; lastKnownFileType = sourcecode.c.objc; path = main.m; sourceTree = "<group>"; };
		301BF52D109A57CC0062928A /* CordovaLib.xcodeproj */ = {isa = PBXFileReference; lastKnownFileType = "wrapper.pb-project"; name = CordovaLib.xcodeproj; path = CordovaLib/CordovaLib.xcodeproj; sourceTree = "<group>"; };
		301BF56E109A69640062928A /* www */ = {isa = PBXFileReference; lastKnownFileType = folder; path = www; sourceTree = SOURCE_ROOT; };
		302D95EE14D2391D003F00A1 /* MainViewController.h */ = {isa = PBXFileReference; fileEncoding = 4; lastKnownFileType = sourcecode.c.h; path = MainViewController.h; sourceTree = "<group>"; };
		302D95EF14D2391D003F00A1 /* MainViewController.m */ = {isa = PBXFileReference; fileEncoding = 4; lastKnownFileType = sourcecode.c.objc; path = MainViewController.m; sourceTree = "<group>"; };
		302D95F014D2391D003F00A1 /* MainViewController.xib */ = {isa = PBXFileReference; fileEncoding = 4; lastKnownFileType = file.xib; path = MainViewController.xib; sourceTree = "<group>"; };
		3047A50F1AB8059700498E2A /* build-debug.xcconfig */ = {isa = PBXFileReference; fileEncoding = 4; lastKnownFileType = text.xcconfig; name = "build-debug.xcconfig"; path = "cordova/build-debug.xcconfig"; sourceTree = SOURCE_ROOT; };
		3047A5101AB8059700498E2A /* build-release.xcconfig */ = {isa = PBXFileReference; fileEncoding = 4; lastKnownFileType = text.xcconfig; name = "build-release.xcconfig"; path = "cordova/build-release.xcconfig"; sourceTree = SOURCE_ROOT; };
		3047A5111AB8059700498E2A /* build.xcconfig */ = {isa = PBXFileReference; fileEncoding = 4; lastKnownFileType = text.xcconfig; name = build.xcconfig; path = cordova/build.xcconfig; sourceTree = SOURCE_ROOT; };
		32CA4F630368D1EE00C91783 /* imkb-Prefix.pch */ = {isa = PBXFileReference; fileEncoding = 4; lastKnownFileType = sourcecode.c.h; path = "imkb-Prefix.pch"; sourceTree = "<group>"; };
		33C7D5D2975F4B7DAFA0C78B /* CDVLogger.h */ = {isa = PBXFileReference; explicitFileType = undefined; fileEncoding = 4; includeInIndex = 0; lastKnownFileType = sourcecode.c.h; name = CDVLogger.h; path = "cordova-plugin-console/CDVLogger.h"; sourceTree = "<group>"; };
		350AB99289C44AC0B78735C2 /* CDVStatusBar.m */ = {isa = PBXFileReference; explicitFileType = undefined; fileEncoding = 4; includeInIndex = 0; lastKnownFileType = sourcecode.c.objc; name = CDVStatusBar.m; path = "cordova-plugin-statusbar/CDVStatusBar.m"; sourceTree = "<group>"; };
		3583DB14A5ED403386DC3DAF /* JPushPlugin.m */ = {isa = PBXFileReference; explicitFileType = undefined; fileEncoding = 4; includeInIndex = 0; lastKnownFileType = sourcecode.c.objc; name = JPushPlugin.m; path = "jpush-phonegap-plugin/JPushPlugin.m"; sourceTree = "<group>"; };
		37F239EC5BFD42DD8E520F21 /* AppDelegate+JPush.h */ = {isa = PBXFileReference; explicitFileType = undefined; fileEncoding = 4; includeInIndex = 0; lastKnownFileType = sourcecode.c.h; name = "AppDelegate+JPush.h"; path = "jpush-phonegap-plugin/AppDelegate+JPush.h"; sourceTree = "<group>"; };
		39405711F4C64BB29EDCCD7B /* WXApi.h */ = {isa = PBXFileReference; explicitFileType = undefined; fileEncoding = 4; includeInIndex = 0; lastKnownFileType = sourcecode.c.h; name = WXApi.h; path = "cordova-plugin-wechat/WXApi.h"; sourceTree = "<group>"; };
		3ADD417418FD46CBA3DD2807 /* CFNetwork.framework */ = {isa = PBXFileReference; explicitFileType = undefined; fileEncoding = 9; includeInIndex = 0; lastKnownFileType = wrapper.framework; name = CFNetwork.framework; path = System/Library/Frameworks/CFNetwork.framework; sourceTree = SDKROOT; };
		4446F954472A4467BDB0B7CC /* AdSupport.framework */ = {isa = PBXFileReference; explicitFileType = undefined; fileEncoding = 9; includeInIndex = 0; lastKnownFileType = wrapper.framework; name = AdSupport.framework; path = System/Library/Frameworks/AdSupport.framework; sourceTree = SDKROOT; };
		467F501F083341F7B83C5373 /* Foundation.framework */ = {isa = PBXFileReference; explicitFileType = undefined; fileEncoding = 9; includeInIndex = 0; lastKnownFileType = wrapper.framework; name = Foundation.framework; path = System/Library/Frameworks/Foundation.framework; sourceTree = SDKROOT; };
		4B0CC1F2A4484E258D650508 /* libWeChatSDK.a */ = {isa = PBXFileReference; explicitFileType = undefined; fileEncoding = 9; includeInIndex = 0; lastKnownFileType = archive.ar; name = libWeChatSDK.a; path = "imkb/Plugins/cordova-plugin-wechat/libWeChatSDK.a"; sourceTree = "<group>"; };
		4BA990AF67504D0F9C5677AC /* CDVWechat.h */ = {isa = PBXFileReference; explicitFileType = undefined; fileEncoding = 4; includeInIndex = 0; lastKnownFileType = sourcecode.c.h; name = CDVWechat.h; path = "cordova-plugin-wechat/CDVWechat.h"; sourceTree = "<group>"; };
		4CBF87A10C3F445399A5B572 /* CDVDevice.m */ = {isa = PBXFileReference; explicitFileType = undefined; fileEncoding = 4; includeInIndex = 0; lastKnownFileType = sourcecode.c.objc; name = CDVDevice.m; path = "cordova-plugin-device/CDVDevice.m"; sourceTree = "<group>"; };
		4F73FC8DC8C44F55BF96F56F /* CDVSplashScreen.m */ = {isa = PBXFileReference; explicitFileType = undefined; fileEncoding = 4; includeInIndex = 0; lastKnownFileType = sourcecode.c.objc; name = CDVSplashScreen.m; path = "cordova-plugin-splashscreen/CDVSplashScreen.m"; sourceTree = "<group>"; };
		524EE24485BB4A06AE582C92 /* PushConfig.plist */ = {isa = PBXFileReference; explicitFileType = undefined; fileEncoding = 4; includeInIndex = 0; lastKnownFileType = text.plist.xml; path = PushConfig.plist; sourceTree = "<group>"; };
		538FE1CAB70741558EE4A26E /* jpush-ios-2.1.8.a */ = {isa = PBXFileReference; explicitFileType = undefined; fileEncoding = 9; includeInIndex = 0; lastKnownFileType = archive.ar; name = "jpush-ios-2.1.8.a"; path = "imkb/Plugins/jpush-phonegap-plugin/jpush-ios-2.1.8.a"; sourceTree = "<group>"; };
		5A747E9B197F472F9722E101 /* libz.dylib */ = {isa = PBXFileReference; explicitFileType = undefined; fileEncoding = 9; includeInIndex = 0; lastKnownFileType = "compiled.mach-o.dylib"; name = libz.dylib; path = usr/lib/libz.dylib; sourceTree = SDKROOT; };
		5DFB186040B84CCAA60E2D23 /* CDVInAppBrowser.m */ = {isa = PBXFileReference; explicitFileType = undefined; fileEncoding = 4; includeInIndex = 0; lastKnownFileType = sourcecode.c.objc; name = CDVInAppBrowser.m; path = "cordova-plugin-inappbrowser/CDVInAppBrowser.m"; sourceTree = "<group>"; };
		659DBD349DE045BF9F37CB05 /* CoreTelephony.framework */ = {isa = PBXFileReference; explicitFileType = undefined; fileEncoding = 9; includeInIndex = 0; lastKnownFileType = wrapper.framework; name = CoreTelephony.framework; path = System/Library/Frameworks/CoreTelephony.framework; sourceTree = SDKROOT; };
		71035892E06A4F29BA39EFC1 /* SystemConfiguration.framework */ = {isa = PBXFileReference; explicitFileType = undefined; fileEncoding = 9; includeInIndex = 0; lastKnownFileType = wrapper.framework; name = SystemConfiguration.framework; path = System/Library/Frameworks/SystemConfiguration.framework; sourceTree = SDKROOT; };
		7192CEE8589D46BFA2732402 /* YCQQ.h */ = {isa = PBXFileReference; explicitFileType = undefined; fileEncoding = 4; includeInIndex = 0; lastKnownFileType = sourcecode.c.h; name = YCQQ.h; path = "cordova-plugin-qqsdk/YCQQ.h"; sourceTree = "<group>"; };
		78483AF05AFC4F079F708DBC /* YCQQ.m */ = {isa = PBXFileReference; explicitFileType = undefined; fileEncoding = 4; includeInIndex = 0; lastKnownFileType = sourcecode.c.objc; name = YCQQ.m; path = "cordova-plugin-qqsdk/YCQQ.m"; sourceTree = "<group>"; };
		793C162EA78D42749E756384 /* CDVViewController+SplashScreen.m */ = {isa = PBXFileReference; explicitFileType = undefined; fileEncoding = 4; includeInIndex = 0; lastKnownFileType = sourcecode.c.objc; name = "CDVViewController+SplashScreen.m"; path = "cordova-plugin-splashscreen/CDVViewController+SplashScreen.m"; sourceTree = "<group>"; };
		7F9C342BC8DB4D3986BA954B /* Security.framework */ = {isa = PBXFileReference; explicitFileType = undefined; fileEncoding = 9; includeInIndex = 0; lastKnownFileType = wrapper.framework; name = Security.framework; path = System/Library/Frameworks/Security.framework; sourceTree = SDKROOT; };
		7FBACFB25494415B9C2357A7 /* JPushPlugin.h */ = {isa = PBXFileReference; explicitFileType = undefined; fileEncoding = 4; includeInIndex = 0; lastKnownFileType = sourcecode.c.h; name = JPushPlugin.h; path = "jpush-phonegap-plugin/JPushPlugin.h"; sourceTree = "<group>"; };
		87C8B4D53FEE44A4BFFEBF01 /* UIWebViewExtension.h */ = {isa = PBXFileReference; explicitFileType = undefined; fileEncoding = 4; includeInIndex = 0; lastKnownFileType = sourcecode.c.h; name = UIWebViewExtension.h; path = "ionic-plugin-keyboard/UIWebViewExtension.h"; sourceTree = "<group>"; };
		8A0A1E160BBE4D78B067CD21 /* libstdc++.6.dylib */ = {isa = PBXFileReference; explicitFileType = undefined; fileEncoding = 9; includeInIndex = 0; lastKnownFileType = "compiled.mach-o.dylib"; name = "libstdc++.6.dylib"; path = "usr/lib/libstdc++.6.dylib"; sourceTree = SDKROOT; };
		8BFBB54111544FC2B1241A45 /* TencentOpenApi_IOS_Bundle.bundle */ = {isa = PBXFileReference; explicitFileType = undefined; fileEncoding = 9; includeInIndex = 0; lastKnownFileType = "wrapper.plug-in"; path = TencentOpenApi_IOS_Bundle.bundle; sourceTree = "<group>"; };
		8D1107310486CEB800E47090 /* imkb-Info.plist */ = {isa = PBXFileReference; fileEncoding = 4; lastKnownFileType = text.plist.xml; name = "imkb-Info.plist"; path = "imkb/imkb-Info.plist"; plistStructureDefinitionIdentifier = "com.apple.xcode.plist.structure-definition.iphone.info-plist"; sourceTree = SOURCE_ROOT; };
		9F9BECAB4064422FBD057D5A /* WXApiObject.h */ = {isa = PBXFileReference; explicitFileType = undefined; fileEncoding = 4; includeInIndex = 0; lastKnownFileType = sourcecode.c.h; name = WXApiObject.h; path = "cordova-plugin-wechat/WXApiObject.h"; sourceTree = "<group>"; };
		A23A0C74224D489A89172007 /* AppDelegate+JPush.m */ = {isa = PBXFileReference; explicitFileType = undefined; fileEncoding = 4; includeInIndex = 0; lastKnownFileType = sourcecode.c.objc; name = "AppDelegate+JPush.m"; path = "jpush-phonegap-plugin/AppDelegate+JPush.m"; sourceTree = "<group>"; };
		AFFD7CC4BA41469E8480D7DD /* libz.tbd */ = {isa = PBXFileReference; explicitFileType = undefined; fileEncoding = 9; includeInIndex = 0; lastKnownFileType = unknown; path = libz.tbd; sourceTree = "<group>"; };
		BF6ACE412B08468B9F3A7BAB /* JPUSHService.h */ = {isa = PBXFileReference; explicitFileType = undefined; fileEncoding = 4; includeInIndex = 0; lastKnownFileType = sourcecode.c.h; name = JPUSHService.h; path = "jpush-phonegap-plugin/JPUSHService.h"; sourceTree = "<group>"; };
		C92E6C523FA74D8C9FBAF332 /* IonicKeyboard.m */ = {isa = PBXFileReference; explicitFileType = undefined; fileEncoding = 4; includeInIndex = 0; lastKnownFileType = sourcecode.c.objc; name = IonicKeyboard.m; path = "ionic-plugin-keyboard/IonicKeyboard.m"; sourceTree = "<group>"; };
		D9FA8CB0C4414406A169E3CD /* IonicKeyboard.h */ = {isa = PBXFileReference; explicitFileType = undefined; fileEncoding = 4; includeInIndex = 0; lastKnownFileType = sourcecode.c.h; name = IonicKeyboard.h; path = "ionic-plugin-keyboard/IonicKeyboard.h"; sourceTree = "<group>"; };
		E21EE32AB4AB4F5097AF0FFB /* UIKit.framework */ = {isa = PBXFileReference; explicitFileType = undefined; fileEncoding = 9; includeInIndex = 0; lastKnownFileType = wrapper.framework; name = UIKit.framework; path = System/Library/Frameworks/UIKit.framework; sourceTree = SDKROOT; };
		E823B795D1764F39ACEA7B8E /* libstdc++.tbd */ = {isa = PBXFileReference; explicitFileType = undefined; fileEncoding = 9; includeInIndex = 0; lastKnownFileType = unknown; path = "libstdc++.tbd"; sourceTree = "<group>"; };
		E96BF96D6F2346D9877DC2AC /* UIWebViewExtension.m */ = {isa = PBXFileReference; explicitFileType = undefined; fileEncoding = 4; includeInIndex = 0; lastKnownFileType = sourcecode.c.objc; name = UIWebViewExtension.m; path = "ionic-plugin-keyboard/UIWebViewExtension.m"; sourceTree = "<group>"; };
		E9E081C274424B63A4C09278 /* CDVStatusBar.h */ = {isa = PBXFileReference; explicitFileType = undefined; fileEncoding = 4; includeInIndex = 0; lastKnownFileType = sourcecode.c.h; name = CDVStatusBar.h; path = "cordova-plugin-statusbar/CDVStatusBar.h"; sourceTree = "<group>"; };
		EB87FDF31871DA8E0020F90C /* www */ = {isa = PBXFileReference; lastKnownFileType = folder; name = www; path = ../../www; sourceTree = "<group>"; };
		EB87FDF41871DAF40020F90C /* config.xml */ = {isa = PBXFileReference; lastKnownFileType = text.xml; name = config.xml; path = ../../config.xml; sourceTree = "<group>"; };
		ED33DF2A687741AEAF9F8254 /* Bridging-Header.h */ = {isa = PBXFileReference; fileEncoding = 4; lastKnownFileType = sourcecode.c.h; path = "Bridging-Header.h"; sourceTree = "<group>"; };
		F04E73D61FE3428284263CC9 /* TencentOpenAPI.framework */ = {isa = PBXFileReference; explicitFileType = undefined; fileEncoding = 9; includeInIndex = 0; lastKnownFileType = wrapper.framework; name = TencentOpenAPI.framework; path = "imkb/Plugins/cordova-plugin-qqsdk/TencentOpenAPI.framework"; sourceTree = "<group>"; };
		F840E1F0165FE0F500CFE078 /* config.xml */ = {isa = PBXFileReference; lastKnownFileType = text.xml; name = config.xml; path = imkb/config.xml; sourceTree = "<group>"; };
		FA6C0D8AB8F64834A3552A10 /* libiconv.tbd */ = {isa = PBXFileReference; explicitFileType = undefined; fileEncoding = 9; includeInIndex = 0; lastKnownFileType = unknown; path = libiconv.tbd; sourceTree = "<group>"; };
		FDDBA79F53884BC8BB69C6D1 /* CDVDevice.h */ = {isa = PBXFileReference; explicitFileType = undefined; fileEncoding = 4; includeInIndex = 0; lastKnownFileType = sourcecode.c.h; name = CDVDevice.h; path = "cordova-plugin-device/CDVDevice.h"; sourceTree = "<group>"; };
		FEB8AA7BA6F149C280685B65 /* CDVInAppBrowser.h */ = {isa = PBXFileReference; explicitFileType = undefined; fileEncoding = 4; includeInIndex = 0; lastKnownFileType = sourcecode.c.h; name = CDVInAppBrowser.h; path = "cordova-plugin-inappbrowser/CDVInAppBrowser.h"; sourceTree = "<group>"; };
		FF5B07094217403BB6A9D76D /* libsqlite3.0.dylib */ = {isa = PBXFileReference; explicitFileType = undefined; fileEncoding = 9; includeInIndex = 0; lastKnownFileType = "compiled.mach-o.dylib"; name = libsqlite3.0.dylib; path = usr/lib/libsqlite3.0.dylib; sourceTree = SDKROOT; };
/* End PBXFileReference section */

/* Begin PBXFrameworksBuildPhase section */
		1D60588F0D05DD3D006BFB54 /* Frameworks */ = {
			isa = PBXFrameworksBuildPhase;
			buildActionMask = 2147483647;
			files = (
				301BF552109A68D80062928A /* libCordova.a in Frameworks */,
				BF4D59B65EC247C292082058 /* CoreTelephony.framework in Frameworks */,
				E539AF40623E4B6A8D554E32 /* SystemConfiguration.framework in Frameworks */,
				F2F1FEF8837A44D89DE140E4 /* Security.framework in Frameworks */,
				3B06920E69FE4DB59BD135B9 /* libiconv.tbd in Frameworks */,
				ED83322FD39D4CEB9569E2E8 /* libsqlite3.tbd in Frameworks */,
				D6A1BA1E36AB4C148FF7BC9C /* libstdc++.tbd in Frameworks */,
				AA7ADD200C7B4488A02B764D /* libz.tbd in Frameworks */,
				CEB3460636AB4EBA882F64E0 /* TencentOpenAPI.framework in Frameworks */,
				3E332BA68C254CAA92CCD783 /* libWeChatSDK.a in Frameworks */,
				D55F814959D245D7882AD4F4 /* libz.dylib in Frameworks */,
				AE73506E0A4C4B55B188F157 /* libsqlite3.0.dylib in Frameworks */,
				369B492E7DFE450DBA0CADE7 /* libstdc++.6.dylib in Frameworks */,
				7D1379A8A9AB468F920D5A42 /* jpush-ios-2.1.8.a in Frameworks */,
				393E77A720D74BC387BEBEE3 /* CFNetwork.framework in Frameworks */,
				6381191B446648D28BB047C2 /* CoreFoundation.framework in Frameworks */,
				CC4C0DDAD18F41D9B4A3C236 /* Foundation.framework in Frameworks */,
				DCD154F0D5FF40B6B52899F0 /* UIKit.framework in Frameworks */,
				CF4888FD33A14C0C87F20D34 /* AdSupport.framework in Frameworks */,
			);
			runOnlyForDeploymentPostprocessing = 0;
		};
/* End PBXFrameworksBuildPhase section */

/* Begin PBXGroup section */
		080E96DDFE201D6D7F000001 /* Classes */ = {
			isa = PBXGroup;
			children = (
				302D95EE14D2391D003F00A1 /* MainViewController.h */,
				302D95EF14D2391D003F00A1 /* MainViewController.m */,
				302D95F014D2391D003F00A1 /* MainViewController.xib */,
				1D3623240D0F684500981E51 /* AppDelegate.h */,
				1D3623250D0F684500981E51 /* AppDelegate.m */,
			);
			name = Classes;
			path = imkb/Classes;
			sourceTree = SOURCE_ROOT;
		};
		19C28FACFE9D520D11CA2CBB /* Products */ = {
			isa = PBXGroup;
			children = (
				1D6058910D05DD3D006BFB54 /* 常春树药.app */,
			);
			name = Products;
			sourceTree = "<group>";
		};
		29B97314FDCFA39411CA2CEA /* CustomTemplate */ = {
			isa = PBXGroup;
			children = (
				EB87FDF41871DAF40020F90C /* config.xml */,
				EB87FDF31871DA8E0020F90C /* www */,
				EB87FDF11871DA420020F90C /* Staging */,
				301BF52D109A57CC0062928A /* CordovaLib.xcodeproj */,
				080E96DDFE201D6D7F000001 /* Classes */,
				307C750510C5A3420062BCA9 /* Plugins */,
				29B97315FDCFA39411CA2CEA /* Other Sources */,
				29B97317FDCFA39411CA2CEA /* Resources */,
				29B97323FDCFA39411CA2CEA /* Frameworks */,
				19C28FACFE9D520D11CA2CBB /* Products */,
			);
			name = CustomTemplate;
			sourceTree = "<group>";
		};
		29B97315FDCFA39411CA2CEA /* Other Sources */ = {
			isa = PBXGroup;
			children = (
				32CA4F630368D1EE00C91783 /* imkb-Prefix.pch */,
				29B97316FDCFA39411CA2CEA /* main.m */,
				ED33DF2A687741AEAF9F8254 /* Bridging-Header.h */,
			);
			name = "Other Sources";
			path = imkb;
			sourceTree = "<group>";
		};
		29B97317FDCFA39411CA2CEA /* Resources */ = {
			isa = PBXGroup;
			children = (
				0207DA571B56EA530066E2B4 /* Images.xcassets */,
				3047A50E1AB8057F00498E2A /* config */,
				8D1107310486CEB800E47090 /* imkb-Info.plist */,
				8BFBB54111544FC2B1241A45 /* TencentOpenApi_IOS_Bundle.bundle */,
				524EE24485BB4A06AE582C92 /* PushConfig.plist */,
			);
			name = Resources;
			path = imkb/Resources;
			sourceTree = "<group>";
		};
		29B97323FDCFA39411CA2CEA /* Frameworks */ = {
			isa = PBXGroup;
			children = (
				659DBD349DE045BF9F37CB05 /* CoreTelephony.framework */,
				71035892E06A4F29BA39EFC1 /* SystemConfiguration.framework */,
				7F9C342BC8DB4D3986BA954B /* Security.framework */,
				FA6C0D8AB8F64834A3552A10 /* libiconv.tbd */,
				08013DDEED8E4893B0E47531 /* libsqlite3.tbd */,
				E823B795D1764F39ACEA7B8E /* libstdc++.tbd */,
				AFFD7CC4BA41469E8480D7DD /* libz.tbd */,
				F04E73D61FE3428284263CC9 /* TencentOpenAPI.framework */,
				4B0CC1F2A4484E258D650508 /* libWeChatSDK.a */,
				5A747E9B197F472F9722E101 /* libz.dylib */,
				FF5B07094217403BB6A9D76D /* libsqlite3.0.dylib */,
				8A0A1E160BBE4D78B067CD21 /* libstdc++.6.dylib */,
				538FE1CAB70741558EE4A26E /* jpush-ios-2.1.8.a */,
				3ADD417418FD46CBA3DD2807 /* CFNetwork.framework */,
				03D1F3496163427C901A2781 /* CoreFoundation.framework */,
				467F501F083341F7B83C5373 /* Foundation.framework */,
				E21EE32AB4AB4F5097AF0FFB /* UIKit.framework */,
				4446F954472A4467BDB0B7CC /* AdSupport.framework */,
			);
			name = Frameworks;
			sourceTree = "<group>";
		};
		301BF52E109A57CC0062928A /* Products */ = {
			isa = PBXGroup;
			children = (
				301BF535109A57CC0062928A /* libCordova.a */,
			);
			name = Products;
			sourceTree = "<group>";
		};
		3047A50E1AB8057F00498E2A /* config */ = {
			isa = PBXGroup;
			children = (
				3047A50F1AB8059700498E2A /* build-debug.xcconfig */,
				3047A5101AB8059700498E2A /* build-release.xcconfig */,
				3047A5111AB8059700498E2A /* build.xcconfig */,
			);
			name = config;
			sourceTree = "<group>";
		};
		307C750510C5A3420062BCA9 /* Plugins */ = {
			isa = PBXGroup;
			children = (
				19FAB45BE7D340D3A6789324 /* CDVLogger.m */,
				33C7D5D2975F4B7DAFA0C78B /* CDVLogger.h */,
				5DFB186040B84CCAA60E2D23 /* CDVInAppBrowser.m */,
				FEB8AA7BA6F149C280685B65 /* CDVInAppBrowser.h */,
				78483AF05AFC4F079F708DBC /* YCQQ.m */,
				7192CEE8589D46BFA2732402 /* YCQQ.h */,
				4F73FC8DC8C44F55BF96F56F /* CDVSplashScreen.m */,
				793C162EA78D42749E756384 /* CDVViewController+SplashScreen.m */,
				234E102B0DC2448F8F4175FF /* CDVSplashScreen.h */,
				14778024DCCB4C5CA447DD7A /* CDVViewController+SplashScreen.h */,
				350AB99289C44AC0B78735C2 /* CDVStatusBar.m */,
				E9E081C274424B63A4C09278 /* CDVStatusBar.h */,
				27F612E78CDD437F9B1BCD63 /* CDVWechat.m */,
				4BA990AF67504D0F9C5677AC /* CDVWechat.h */,
				39405711F4C64BB29EDCCD7B /* WXApi.h */,
				9F9BECAB4064422FBD057D5A /* WXApiObject.h */,
				C92E6C523FA74D8C9FBAF332 /* IonicKeyboard.m */,
				E96BF96D6F2346D9877DC2AC /* UIWebViewExtension.m */,
				D9FA8CB0C4414406A169E3CD /* IonicKeyboard.h */,
				87C8B4D53FEE44A4BFFEBF01 /* UIWebViewExtension.h */,
				4CBF87A10C3F445399A5B572 /* CDVDevice.m */,
				FDDBA79F53884BC8BB69C6D1 /* CDVDevice.h */,
				3583DB14A5ED403386DC3DAF /* JPushPlugin.m */,
				A23A0C74224D489A89172007 /* AppDelegate+JPush.m */,
				7FBACFB25494415B9C2357A7 /* JPushPlugin.h */,
				BF6ACE412B08468B9F3A7BAB /* JPUSHService.h */,
				37F239EC5BFD42DD8E520F21 /* AppDelegate+JPush.h */,
			);
			name = Plugins;
			path = imkb/Plugins;
			sourceTree = SOURCE_ROOT;
		};
		EB87FDF11871DA420020F90C /* Staging */ = {
			isa = PBXGroup;
			children = (
				F840E1F0165FE0F500CFE078 /* config.xml */,
				301BF56E109A69640062928A /* www */,
			);
			name = Staging;
			sourceTree = "<group>";
		};
/* End PBXGroup section */

/* Begin PBXNativeTarget section */
		1D6058900D05DD3D006BFB54 /* imkb */ = {
			isa = PBXNativeTarget;
			buildConfigurationList = 1D6058960D05DD3E006BFB54 /* Build configuration list for PBXNativeTarget "imkb" */;
			buildPhases = (
				304B58A110DAC018002A0835 /* Copy www directory */,
				1D60588D0D05DD3D006BFB54 /* Resources */,
				1D60588E0D05DD3D006BFB54 /* Sources */,
				1D60588F0D05DD3D006BFB54 /* Frameworks */,
			);
			buildRules = (
			);
			dependencies = (
				301BF551109A68C00062928A /* PBXTargetDependency */,
			);
			name = imkb;
			productName = imkb;
			productReference = 1D6058910D05DD3D006BFB54 /* 常春树药.app */;
			productType = "com.apple.product-type.application";
		};
/* End PBXNativeTarget section */

/* Begin PBXProject section */
		29B97313FDCFA39411CA2CEA /* Project object */ = {
			isa = PBXProject;
			attributes = {
				LastUpgradeCheck = 510;
				TargetAttributes = {
					1D6058900D05DD3D006BFB54 = {
						DevelopmentTeam = XVNEG4HFBG;
						SystemCapabilities = {
							com.apple.BackgroundModes = {
								enabled = 1;
							};
						};
					};
				};
			};
			buildConfigurationList = C01FCF4E08A954540054247B /* Build configuration list for PBXProject "imkb" */;
			compatibilityVersion = "Xcode 3.2";
			developmentRegion = English;
			hasScannedForEncodings = 1;
			knownRegions = (
				en,
			);
			mainGroup = 29B97314FDCFA39411CA2CEA /* CustomTemplate */;
			projectDirPath = "";
			projectReferences = (
				{
					ProductGroup = 301BF52E109A57CC0062928A /* Products */;
					ProjectRef = 301BF52D109A57CC0062928A /* CordovaLib.xcodeproj */;
				},
			);
			projectRoot = "";
			targets = (
				1D6058900D05DD3D006BFB54 /* imkb */,
			);
		};
/* End PBXProject section */

/* Begin PBXReferenceProxy section */
		301BF535109A57CC0062928A /* libCordova.a */ = {
			isa = PBXReferenceProxy;
			fileType = archive.ar;
			path = libCordova.a;
			remoteRef = 301BF534109A57CC0062928A /* PBXContainerItemProxy */;
			sourceTree = BUILT_PRODUCTS_DIR;
		};
/* End PBXReferenceProxy section */

/* Begin PBXResourcesBuildPhase section */
		1D60588D0D05DD3D006BFB54 /* Resources */ = {
			isa = PBXResourcesBuildPhase;
			buildActionMask = 2147483647;
			files = (
				302D95F214D2391D003F00A1 /* MainViewController.xib in Resources */,
				3047A5131AB8059700498E2A /* build-release.xcconfig in Resources */,
				3047A5141AB8059700498E2A /* build.xcconfig in Resources */,
				0207DA581B56EA530066E2B4 /* Images.xcassets in Resources */,
				3047A5121AB8059700498E2A /* build-debug.xcconfig in Resources */,
				51A19557BBE141CA958BE919 /* TencentOpenApi_IOS_Bundle.bundle in Resources */,
				0ADD99B6F87845E5AFD30351 /* PushConfig.plist in Resources */,
			);
			runOnlyForDeploymentPostprocessing = 0;
		};
/* End PBXResourcesBuildPhase section */

/* Begin PBXShellScriptBuildPhase section */
		304B58A110DAC018002A0835 /* Copy www directory */ = {
			isa = PBXShellScriptBuildPhase;
			buildActionMask = 2147483647;
			files = (
			);
			inputPaths = (
			);
			name = "Copy www directory";
			outputPaths = (
			);
			runOnlyForDeploymentPostprocessing = 0;
			shellPath = /bin/sh;
			shellScript = "NODEJS_PATH=/usr/local/bin; NVM_NODE_PATH=~/.nvm/versions/node/`nvm version 2>/dev/null`/bin; N_NODE_PATH=`find /usr/local/n/versions/node/* -maxdepth 0 -type d 2>/dev/null | tail -1`/bin; XCODE_NODE_PATH=`xcode-select --print-path`/usr/share/xcs/Node/bin; PATH=$NODEJS_PATH:$NVM_NODE_PATH:$N_NODE_PATH:$XCODE_NODE_PATH:$PATH && node cordova/lib/copy-www-build-step.js";
			showEnvVarsInLog = 0;
		};
/* End PBXShellScriptBuildPhase section */

/* Begin PBXSourcesBuildPhase section */
		1D60588E0D05DD3D006BFB54 /* Sources */ = {
			isa = PBXSourcesBuildPhase;
			buildActionMask = 2147483647;
			files = (
				1D60589B0D05DD56006BFB54 /* main.m in Sources */,
				1D3623260D0F684500981E51 /* AppDelegate.m in Sources */,
				302D95F114D2391D003F00A1 /* MainViewController.m in Sources */,
				BAFC0FA08A634F0FA9ECF7E7 /* CDVLogger.m in Sources */,
				FAFF54DDE8D845D99709D8C6 /* CDVInAppBrowser.m in Sources */,
				960A89FF3B444FF7AEDEB3BA /* YCQQ.m in Sources */,
				8EB6A8C1484243E28BBC52E2 /* CDVSplashScreen.m in Sources */,
				75C655CED1954B8CA5CF3CD0 /* CDVViewController+SplashScreen.m in Sources */,
				DEF9CB4422104AEE904A1627 /* CDVStatusBar.m in Sources */,
				CDCC1FC01CA842C3B5137E82 /* CDVWechat.m in Sources */,
				6BD2954BF1924113B10D22D4 /* IonicKeyboard.m in Sources */,
				9923D3309B2946EF8630C49C /* UIWebViewExtension.m in Sources */,
				A550C50E97264711AFDA7E58 /* CDVDevice.m in Sources */,
				6E5E65109E32483DBCA274B7 /* JPushPlugin.m in Sources */,
				278408D62A204ABDB87A63C4 /* AppDelegate+JPush.m in Sources */,
			);
			runOnlyForDeploymentPostprocessing = 0;
		};
/* End PBXSourcesBuildPhase section */

/* Begin PBXTargetDependency section */
		301BF551109A68C00062928A /* PBXTargetDependency */ = {
			isa = PBXTargetDependency;
			name = CordovaLib;
			targetProxy = 301BF550109A68C00062928A /* PBXContainerItemProxy */;
		};
/* End PBXTargetDependency section */

/* Begin XCBuildConfiguration section */
		1D6058940D05DD3E006BFB54 /* Debug */ = {
			isa = XCBuildConfiguration;
			baseConfigurationReference = 3047A50F1AB8059700498E2A /* build-debug.xcconfig */;
			buildSettings = {
				ALWAYS_SEARCH_USER_PATHS = NO;
				ASSETCATALOG_COMPILER_APPICON_NAME = AppIcon;
				ASSETCATALOG_COMPILER_LAUNCHIMAGE_NAME = LaunchImage;
				CLANG_ENABLE_MODULES = YES;
				CLANG_ENABLE_OBJC_ARC = YES;
				CODE_SIGN_IDENTITY = "iPhone Developer";
				"CODE_SIGN_IDENTITY[sdk=iphoneos*]" = "iPhone Developer";
				COPY_PHASE_STRIP = NO;
				FRAMEWORK_SEARCH_PATHS = (
					"$(inherited)",
					"\"imkb/Plugins/cordova-plugin-qqsdk\"",
				);
				GCC_DYNAMIC_NO_PIC = NO;
				GCC_OPTIMIZATION_LEVEL = 0;
				GCC_PRECOMPILE_PREFIX_HEADER = YES;
				GCC_PREFIX_HEADER = "imkb/imkb-Prefix.pch";
				GCC_THUMB_SUPPORT = NO;
				GCC_VERSION = "";
				INFOPLIST_FILE = "imkb/imkb-Info.plist";
				IPHONEOS_DEPLOYMENT_TARGET = 6.0;
				LD_RUNPATH_SEARCH_PATHS = "@executable_path/Frameworks";
				LIBRARY_SEARCH_PATHS = (
					"$(inherited)",
					"\"$(SRCROOT)/imkb/Plugins/cordova-plugin-wechat\"",
					"\"$(SRCROOT)/imkb/Plugins/jpush-phonegap-plugin\"",
				);
				PRODUCT_NAME = "常春树药";
				PROVISIONING_PROFILE = "";
			};
			name = Debug;
		};
		1D6058950D05DD3E006BFB54 /* Release */ = {
			isa = XCBuildConfiguration;
			baseConfigurationReference = 3047A5101AB8059700498E2A /* build-release.xcconfig */;
			buildSettings = {
				ALWAYS_SEARCH_USER_PATHS = NO;
				ASSETCATALOG_COMPILER_APPICON_NAME = AppIcon;
				ASSETCATALOG_COMPILER_LAUNCHIMAGE_NAME = LaunchImage;
				CLANG_ENABLE_MODULES = YES;
				CLANG_ENABLE_OBJC_ARC = YES;
				CODE_SIGN_IDENTITY = "iPhone Developer";
				"CODE_SIGN_IDENTITY[sdk=iphoneos*]" = "iPhone Developer";
				COPY_PHASE_STRIP = YES;
				FRAMEWORK_SEARCH_PATHS = (
					"$(inherited)",
					"\"imkb/Plugins/cordova-plugin-qqsdk\"",
				);
				GCC_PRECOMPILE_PREFIX_HEADER = YES;
				GCC_PREFIX_HEADER = "imkb/imkb-Prefix.pch";
				GCC_THUMB_SUPPORT = NO;
				GCC_VERSION = "";
				INFOPLIST_FILE = "imkb/imkb-Info.plist";
				IPHONEOS_DEPLOYMENT_TARGET = 6.0;
				LIBRARY_SEARCH_PATHS = (
					"$(inherited)",
					"\"$(SRCROOT)/imkb/Plugins/cordova-plugin-wechat\"",
					"\"$(SRCROOT)/imkb/Plugins/jpush-phonegap-plugin\"",
				);
				PRODUCT_NAME = "常春树药";
				PROVISIONING_PROFILE = "";
			};
			name = Release;
		};
		C01FCF4F08A954540054247B /* Debug */ = {
			isa = XCBuildConfiguration;
			baseConfigurationReference = 3047A5111AB8059700498E2A /* build.xcconfig */;
			buildSettings = {
				CLANG_ENABLE_MODULES = YES;
				CLANG_ENABLE_OBJC_ARC = YES;
				CLANG_WARN_BOOL_CONVERSION = YES;
				CLANG_WARN_CONSTANT_CONVERSION = YES;
				CLANG_WARN_EMPTY_BODY = YES;
				CLANG_WARN_ENUM_CONVERSION = YES;
				CLANG_WARN_INT_CONVERSION = YES;
				CLANG_WARN__DUPLICATE_METHOD_MATCH = YES;
				CODE_SIGN_IDENTITY = "iPhone Developer: He Huang (B859LBN833)";
				GCC_C_LANGUAGE_STANDARD = c99;
				GCC_THUMB_SUPPORT = NO;
				GCC_VERSION = "";
				GCC_WARN_ABOUT_RETURN_TYPE = YES;
				GCC_WARN_UNDECLARED_SELECTOR = YES;
				GCC_WARN_UNINITIALIZED_AUTOS = YES;
				GCC_WARN_UNUSED_FUNCTION = YES;
				GCC_WARN_UNUSED_VARIABLE = YES;
				ONLY_ACTIVE_ARCH = YES;
				SDKROOT = iphoneos;
				SKIP_INSTALL = NO;
			};
			name = Debug;
		};
		C01FCF5008A954540054247B /* Release */ = {
			isa = XCBuildConfiguration;
			baseConfigurationReference = 3047A5111AB8059700498E2A /* build.xcconfig */;
			buildSettings = {
				CLANG_ENABLE_MODULES = YES;
				CLANG_ENABLE_OBJC_ARC = YES;
				CLANG_WARN_BOOL_CONVERSION = YES;
				CLANG_WARN_CONSTANT_CONVERSION = YES;
				CLANG_WARN_EMPTY_BODY = YES;
				CLANG_WARN_ENUM_CONVERSION = YES;
				CLANG_WARN_INT_CONVERSION = YES;
				CLANG_WARN__DUPLICATE_METHOD_MATCH = YES;
				CODE_SIGN_IDENTITY = "iPhone Developer: He Huang (B859LBN833)";
				GCC_C_LANGUAGE_STANDARD = c99;
				GCC_THUMB_SUPPORT = NO;
				GCC_VERSION = "";
				GCC_WARN_ABOUT_RETURN_TYPE = YES;
				GCC_WARN_UNDECLARED_SELECTOR = YES;
				GCC_WARN_UNINITIALIZED_AUTOS = YES;
				GCC_WARN_UNUSED_FUNCTION = YES;
				GCC_WARN_UNUSED_VARIABLE = YES;
				SDKROOT = iphoneos;
				SKIP_INSTALL = NO;
			};
			name = Release;
		};
/* End XCBuildConfiguration section */

/* Begin XCConfigurationList section */
		1D6058960D05DD3E006BFB54 /* Build configuration list for PBXNativeTarget "imkb" */ = {
			isa = XCConfigurationList;
			buildConfigurations = (
				1D6058940D05DD3E006BFB54 /* Debug */,
				1D6058950D05DD3E006BFB54 /* Release */,
			);
			defaultConfigurationIsVisible = 0;
			defaultConfigurationName = Release;
		};
		C01FCF4E08A954540054247B /* Build configuration list for PBXProject "imkb" */ = {
			isa = XCConfigurationList;
			buildConfigurations = (
				C01FCF4F08A954540054247B /* Debug */,
				C01FCF5008A954540054247B /* Release */,
			);
			defaultConfigurationIsVisible = 0;
			defaultConfigurationName = Release;
		};
/* End XCConfigurationList section */
	};
	rootObject = 29B97313FDCFA39411CA2CEA /* Project object */;
}
